// !$*UTF8*$!
{
	archiveVersion = 1;
	classes = {
	};
	objectVersion = 46;
	objects = {

/* Begin PBXBuildFile section */
		1861022A1E69352200605723 /* PlaybackViewController.swift in Sources */ = {isa = PBXBuildFile; fileRef = 186102291E69352200605723 /* PlaybackViewController.swift */; };
		18B936031E6BBD8800E4314B /* PlaybackViewController+Audio.swift in Sources */ = {isa = PBXBuildFile; fileRef = 18B936021E6BBD8800E4314B /* PlaybackViewController+Audio.swift */; };
		18E87BE61E65292300629D60 /* AppDelegate.swift in Sources */ = {isa = PBXBuildFile; fileRef = 18E87BE51E65292300629D60 /* AppDelegate.swift */; };
		18E87BE81E65292300629D60 /* RecordViewController.swift in Sources */ = {isa = PBXBuildFile; fileRef = 18E87BE71E65292300629D60 /* RecordViewController.swift */; };
		18E87BEB1E65292300629D60 /* Main.storyboard in Resources */ = {isa = PBXBuildFile; fileRef = 18E87BE91E65292300629D60 /* Main.storyboard */; };
		18E87BED1E65292300629D60 /* Assets.xcassets in Resources */ = {isa = PBXBuildFile; fileRef = 18E87BEC1E65292300629D60 /* Assets.xcassets */; };
		18E87BF01E65292300629D60 /* LaunchScreen.storyboard in Resources */ = {isa = PBXBuildFile; fileRef = 18E87BEE1E65292300629D60 /* LaunchScreen.storyboard */; };
/* End PBXBuildFile section */

/* Begin PBXFileReference section */
		186102291E69352200605723 /* PlaybackViewController.swift */ = {isa = PBXFileReference; fileEncoding = 4; lastKnownFileType = sourcecode.swift; path = PlaybackViewController.swift; sourceTree = "<group>"; };
		18B936021E6BBD8800E4314B /* PlaybackViewController+Audio.swift */ = {isa = PBXFileReference; fileEncoding = 4; lastKnownFileType = sourcecode.swift; path = "PlaybackViewController+Audio.swift"; sourceTree = "<group>"; };
		18E87BE21E65292300629D60 /* Pitch Perfect.app */ = {isa = PBXFileReference; explicitFileType = wrapper.application; includeInIndex = 0; path = "Pitch Perfect.app"; sourceTree = BUILT_PRODUCTS_DIR; };
		18E87BE51E65292300629D60 /* AppDelegate.swift */ = {isa = PBXFileReference; lastKnownFileType = sourcecode.swift; path = AppDelegate.swift; sourceTree = "<group>"; };
		18E87BE71E65292300629D60 /* RecordViewController.swift */ = {isa = PBXFileReference; lastKnownFileType = sourcecode.swift; path = RecordViewController.swift; sourceTree = "<group>"; };
		18E87BEA1E65292300629D60 /* Base */ = {isa = PBXFileReference; lastKnownFileType = file.storyboard; name = Base; path = Base.lproj/Main.storyboard; sourceTree = "<group>"; };
		18E87BEC1E65292300629D60 /* Assets.xcassets */ = {isa = PBXFileReference; lastKnownFileType = folder.assetcatalog; path = Assets.xcassets; sourceTree = "<group>"; };
		18E87BEF1E65292300629D60 /* Base */ = {isa = PBXFileReference; lastKnownFileType = file.storyboard; name = Base; path = Base.lproj/LaunchScreen.storyboard; sourceTree = "<group>"; };
		18E87BF11E65292300629D60 /* Info.plist */ = {isa = PBXFileReference; lastKnownFileType = text.plist.xml; path = Info.plist; sourceTree = "<group>"; };
/* End PBXFileReference section */

/* Begin PBXFrameworksBuildPhase section */
		18E87BDF1E65292200629D60 /* Frameworks */ = {
			isa = PBXFrameworksBuildPhase;
			buildActionMask = 2147483647;
			files = (
			);
			runOnlyForDeploymentPostprocessing = 0;
		};
/* End PBXFrameworksBuildPhase section */

/* Begin PBXGroup section */
		18E87BD91E65292200629D60 = {
			isa = PBXGroup;
			children = (
				18E87BE41E65292300629D60 /* Picth Perfect */,
				18E87BE31E65292300629D60 /* Products */,
			);
			sourceTree = "<group>";
		};
		18E87BE31E65292300629D60 /* Products */ = {
			isa = PBXGroup;
			children = (
				18E87BE21E65292300629D60 /* Pitch Perfect.app */,
			);
			name = Products;
			sourceTree = "<group>";
		};
		18E87BE41E65292300629D60 /* Picth Perfect */ = {
			isa = PBXGroup;
			children = (
				18E87BE51E65292300629D60 /* AppDelegate.swift */,
				18E87BE71E65292300629D60 /* RecordViewController.swift */,
				18B936021E6BBD8800E4314B /* PlaybackViewController+Audio.swift */,
				186102291E69352200605723 /* PlaybackViewController.swift */,
				18E87BE91E65292300629D60 /* Main.storyboard */,
				18E87BEC1E65292300629D60 /* Assets.xcassets */,
				18E87BEE1E65292300629D60 /* LaunchScreen.storyboard */,
				18E87BF11E65292300629D60 /* Info.plist */,
			);
			path = "Picth Perfect";
			sourceTree = "<group>";
		};
/* End PBXGroup section */

/* Begin PBXNativeTarget section */
		18E87BE11E65292200629D60 /* Pitch Perfect */ = {
			isa = PBXNativeTarget;
			buildConfigurationList = 18E87BF41E65292300629D60 /* Build configuration list for PBXNativeTarget "Pitch Perfect" */;
			buildPhases = (
				18E87BDE1E65292200629D60 /* Sources */,
				18E87BDF1E65292200629D60 /* Frameworks */,
				18E87BE01E65292200629D60 /* Resources */,
			);
			buildRules = (
			);
			dependencies = (
			);
			name = "Pitch Perfect";
			productName = "Picth Perfect";
			productReference = 18E87BE21E65292300629D60 /* Pitch Perfect.app */;
			productType = "com.apple.product-type.application";
		};
/* End PBXNativeTarget section */

/* Begin PBXProject section */
		18E87BDA1E65292200629D60 /* Project object */ = {
			isa = PBXProject;
			attributes = {
				LastSwiftUpdateCheck = 0820;
				LastUpgradeCheck = 0820;
				ORGANIZATIONNAME = com.aqibshah;
				TargetAttributes = {
					18E87BE11E65292200629D60 = {
						CreatedOnToolsVersion = 8.2.1;
						DevelopmentTeam = 64LCRAC2VD;
						ProvisioningStyle = Automatic;
					};
				};
			};
			buildConfigurationList = 18E87BDD1E65292200629D60 /* Build configuration list for PBXProject "Pitch Perfect" */;
			compatibilityVersion = "Xcode 3.2";
			developmentRegion = English;
			hasScannedForEncodings = 0;
			knownRegions = (
				en,
				Base,
			);
			mainGroup = 18E87BD91E65292200629D60;
			productRefGroup = 18E87BE31E65292300629D60 /* Products */;
			projectDirPath = "";
			projectRoot = "";
			targets = (
				18E87BE11E65292200629D60 /* Pitch Perfect */,
			);
		};
/* End PBXProject section */

/* Begin PBXResourcesBuildPhase section */
		18E87BE01E65292200629D60 /* Resources */ = {
			isa = PBXResourcesBuildPhase;
			buildActionMask = 2147483647;
			files = (
				18E87BF01E65292300629D60 /* LaunchScreen.storyboard in Resources */,
				18E87BED1E65292300629D60 /* Assets.xcassets in Resources */,
				18E87BEB1E65292300629D60 /* Main.storyboard in Resources */,
			);
			runOnlyForDeploymentPostprocessing = 0;
		};
/* End PBXResourcesBuildPhase section */

/* Begin PBXSourcesBuildPhase section */
		18E87BDE1E65292200629D60 /* Sources */ = {
			isa = PBXSourcesBuildPhase;
			buildActionMask = 2147483647;
			files = (
				18B936031E6BBD8800E4314B /* PlaybackViewController+Audio.swift in Sources */,
				1861022A1E69352200605723 /* PlaybackViewController.swift in Sources */,
				18E87BE81E65292300629D60 /* RecordViewController.swift in Sources */,
				18E87BE61E65292300629D60 /* AppDelegate.swift in Sources */,
			);
			runOnlyForDeploymentPostprocessing = 0;
		};
/* End PBXSourcesBuildPhase section */

/* Begin PBXVariantGroup section */
		18E87BE91E65292300629D60 /* Main.storyboard */ = {
			isa = PBXVariantGroup;
			children = (
				18E87BEA1E65292300629D60 /* Base */,
			);
			name = Main.storyboard;
			sourceTree = "<group>";
		};
		18E87BEE1E65292300629D60 /* LaunchScreen.storyboard */ = {
			isa = PBXVariantGroup;
			children = (
				18E87BEF1E65292300629D60 /* Base */,
			);
			name = LaunchScreen.storyboard;
			sourceTree = "<group>";
		};
/* End PBXVariantGroup section */

/* Begin XCBuildConfiguration section */
		18E87BF21E65292300629D60 /* Debug */ = {
			isa = XCBuildConfiguration;
			buildSettings = {
				ALWAYS_SEARCH_USER_PATHS = NO;
				CLANG_ANALYZER_NONNULL = YES;
				CLANG_CXX_LANGUAGE_STANDARD = "gnu++0x";
				CLANG_CXX_LIBRARY = "libc++";
				CLANG_ENABLE_MODULES = YES;
				CLANG_ENABLE_OBJC_ARC = YES;
				CLANG_WARN_BOOL_CONVERSION = YES;
				CLANG_WARN_CONSTANT_CONVERSION = YES;
				CLANG_WARN_DIRECT_OBJC_ISA_USAGE = YES_ERROR;
				CLANG_WARN_DOCUMENTATION_COMMENTS = YES;
				CLANG_WARN_EMPTY_BODY = YES;
				CLANG_WARN_ENUM_CONVERSION = YES;
				CLANG_WARN_INFINITE_RECURSION = YES;
				CLANG_WARN_INT_CONVERSION = YES;
				CLANG_WARN_OBJC_ROOT_CLASS = YES_ERROR;
				CLANG_WARN_SUSPICIOUS_MOVE = YES;
				CLANG_WARN_UNREACHABLE_CODE = YES;
				CLANG_WARN__DUPLICATE_METHOD_MATCH = YES;
				"CODE_SIGN_IDENTITY[sdk=iphoneos*]" = "iPhone Developer";
				COPY_PHASE_STRIP = NO;
				DEBUG_INFORMATION_FORMAT = dwarf;
				ENABLE_STRICT_OBJC_MSGSEND = YES;
				ENABLE_TESTABILITY = YES;
				GCC_C_LANGUAGE_STANDARD = gnu99;
				GCC_DYNAMIC_NO_PIC = NO;
				GCC_NO_COMMON_BLOCKS = YES;
				GCC_OPTIMIZATION_LEVEL = 0;
				GCC_PREPROCESSOR_DEFINITIONS = (
					"DEBUG=1",
					"$(inherited)",
				);
				GCC_WARN_64_TO_32_BIT_CONVERSION = YES;
				GCC_WARN_ABOUT_RETURN_TYPE = YES_ERROR;
				GCC_WARN_UNDECLARED_SELECTOR = YES;
				GCC_WARN_UNINITIALIZED_AUTOS = YES_AGGRESSIVE;
				GCC_WARN_UNUSED_FUNCTION = YES;
				GCC_WARN_UNUSED_VARIABLE = YES;
				IPHONEOS_DEPLOYMENT_TARGET = 10.2;
				MTL_ENABLE_DEBUG_INFO = YES;
				ONLY_ACTIVE_ARCH = YES;
				SDKROOT = iphoneos;
				SWIFT_ACTIVE_COMPILATION_CONDITIONS = DEBUG;
				SWIFT_OPTIMIZATION_LEVEL = "-Onone";
			};
			name = Debug;
		};
		18E87BF31E65292300629D60 /* Release */ = {
			isa = XCBuildConfiguration;
			buildSettings = {
				ALWAYS_SEARCH_USER_PATHS = NO;
				CLANG_ANALYZER_NONNULL = YES;
				CLANG_CXX_LANGUAGE_STANDARD = "gnu++0x";
				CLANG_CXX_LIBRARY = "libc++";
				CLANG_ENABLE_MODULES = YES;
				CLANG_ENABLE_OBJC_ARC = YES;
				CLANG_WARN_BOOL_CONVERSION = YES;
				CLANG_WARN_CONSTANT_CONVERSION = YES;
				CLANG_WARN_DIRECT_OBJC_ISA_USAGE = YES_ERROR;
				CLANG_WARN_DOCUMENTATION_COMMENTS = YES;
				CLANG_WARN_EMPTY_BODY = YES;
				CLANG_WARN_ENUM_CONVERSION = YES;
				CLANG_WARN_INFINITE_RECURSION = YES;
				CLANG_WARN_INT_CONVERSION = YES;
				CLANG_WARN_OBJC_ROOT_CLASS = YES_ERROR;
				CLANG_WARN_SUSPICIOUS_MOVE = YES;
				CLANG_WARN_UNREACHABLE_CODE = YES;
				CLANG_WARN__DUPLICATE_METHOD_MATCH = YES;
				"CODE_SIGN_IDENTITY[sdk=iphoneos*]" = "iPhone Developer";
				COPY_PHASE_STRIP = NO;
				DEBUG_INFORMATION_FORMAT = "dwarf-with-dsym";
				ENABLE_NS_ASSERTIONS = NO;
				ENABLE_STRICT_OBJC_MSGSEND = YES;
				GCC_C_LANGUAGE_STANDARD = gnu99;
				GCC_NO_COMMON_BLOCKS = YES;
				GCC_WARN_64_TO_32_BIT_CONVERSION = YES;
				GCC_WARN_ABOUT_RETURN_TYPE = YES_ERROR;
				GCC_WARN_UNDECLARED_SELECTOR = YES;
				GCC_WARN_UNINITIALIZED_AUTOS = YES_AGGRESSIVE;
				GCC_WARN_UNUSED_FUNCTION = YES;
				GCC_WARN_UNUSED_VARIABLE = YES;
				IPHONEOS_DEPLOYMENT_TARGET = 10.2;
				MTL_ENABLE_DEBUG_INFO = NO;
				SDKROOT = iphoneos;
				SWIFT_OPTIMIZATION_LEVEL = "-Owholemodule";
				VALIDATE_PRODUCT = YES;
			};
			name = Release;
		};
		18E87BF51E65292300629D60 /* Debug */ = {
			isa = XCBuildConfiguration;
			buildSettings = {
				ASSETCATALOG_COMPILER_APPICON_NAME = AppIcon;
				DEVELOPMENT_TEAM = 64LCRAC2VD;
				INFOPLIST_FILE = "Picth Perfect/Info.plist";
				LD_RUNPATH_SEARCH_PATHS = "$(inherited) @executable_path/Frameworks";
				PRODUCT_BUNDLE_IDENTIFIER = "com.aqibshah.Picth-Perfect";
				PRODUCT_NAME = "$(TARGET_NAME)";
				SWIFT_VERSION = 3.0;
			};
			name = Debug;
		};
		18E87BF61E65292300629D60 /* Release */ = {
			isa = XCBuildConfiguration;
			buildSettings = {
				ASSETCATALOG_COMPILER_APPICON_NAME = AppIcon;
				DEVELOPMENT_TEAM = 64LCRAC2VD;
				INFOPLIST_FILE = "Picth Perfect/Info.plist";
				LD_RUNPATH_SEARCH_PATHS = "$(inherited) @executable_path/Frameworks";
				PRODUCT_BUNDLE_IDENTIFIER = "com.aqibshah.Picth-Perfect";
				PRODUCT_NAME = "$(TARGET_NAME)";
				SWIFT_VERSION = 3.0;
			};
			name = Release;
		};
/* End XCBuildConfiguration section */

/* Begin XCConfigurationList section */
		18E87BDD1E65292200629D60 /* Build configuration list for PBXProject "Pitch Perfect" */ = {
			isa = XCConfigurationList;
			buildConfigurations = (
				18E87BF21E65292300629D60 /* Debug */,
				18E87BF31E65292300629D60 /* Release */,
			);
			defaultConfigurationIsVisible = 0;
			defaultConfigurationName = Release;
		};
		18E87BF41E65292300629D60 /* Build configuration list for PBXNativeTarget "Pitch Perfect" */ = {
			isa = XCConfigurationList;
			buildConfigurations = (
				18E87BF51E65292300629D60 /* Debug */,
				18E87BF61E65292300629D60 /* Release */,
			);
			defaultConfigurationIsVisible = 0;
			defaultConfigurationName = Release;
		};
/* End XCConfigurationList section */
	};
	rootObject = 18E87BDA1E65292200629D60 /* Project object */;
}
